PODS:
  - KeychainAccess (2.3.6)
  - OAuthSwift (0.6.0)

DEPENDENCIES:
  - KeychainAccess
  - OAuthSwift

SPEC CHECKSUMS:
  KeychainAccess: 7f10e2ef998ddf954a64d5d608be08677774684d
  OAuthSwift: 8895267fbd6437a52aea26541572a617c7a8c7c1

PODFILE CHECKSUM: 8eb32f828b8d34e27ff71771d1332a55b5bd165e

COCOAPODS: 1.0.1
