// !$*UTF8*$!
{
	archiveVersion = 1;
	classes = {
	};
	objectVersion = 46;
	objects = {

/* Begin PBXBuildFile section */
		1171598FD9696B7951930646 /* Pods_Clandestino.framework in Frameworks */ = {isa = PBXBuildFile; fileRef = 166200C1A28BAEF96299C3C6 /* Pods_Clandestino.framework */; };
		42DCC5C3E6E0654D309ACA85 /* Pods_ClandestinoUITests.framework in Frameworks */ = {isa = PBXBuildFile; fileRef = A8EBED4B43E9499F0C938785 /* Pods_ClandestinoUITests.framework */; };
		4B64FA3A3A8722E50CBC9688 /* Pods_ClandestinoTests.framework in Frameworks */ = {isa = PBXBuildFile; fileRef = 530885AB55B5091A26B242D4 /* Pods_ClandestinoTests.framework */; };
		5B0467931D62CF8E0004AF5F /* Constants.swift in Sources */ = {isa = PBXBuildFile; fileRef = 5B0467921D62CF8E0004AF5F /* Constants.swift */; };
		5B8224901D5E2AB600AF669D /* AppDelegate.swift in Sources */ = {isa = PBXBuildFile; fileRef = 5B82248F1D5E2AB600AF669D /* AppDelegate.swift */; };
		5B8224951D5E2AB600AF669D /* Main.storyboard in Resources */ = {isa = PBXBuildFile; fileRef = 5B8224931D5E2AB600AF669D /* Main.storyboard */; };
		5B8224981D5E2AB600AF669D /* Clandestino.xcdatamodeld in Sources */ = {isa = PBXBuildFile; fileRef = 5B8224961D5E2AB600AF669D /* Clandestino.xcdatamodeld */; };
		5B82249A1D5E2AB600AF669D /* Assets.xcassets in Resources */ = {isa = PBXBuildFile; fileRef = 5B8224991D5E2AB600AF669D /* Assets.xcassets */; };
		5B82249D1D5E2AB600AF669D /* LaunchScreen.storyboard in Resources */ = {isa = PBXBuildFile; fileRef = 5B82249B1D5E2AB600AF669D /* LaunchScreen.storyboard */; };
		5B8224A81D5E2AB600AF669D /* ClandestinoTests.swift in Sources */ = {isa = PBXBuildFile; fileRef = 5B8224A71D5E2AB600AF669D /* ClandestinoTests.swift */; };
		5B8224B31D5E2AB600AF669D /* ClandestinoUITests.swift in Sources */ = {isa = PBXBuildFile; fileRef = 5B8224B21D5E2AB600AF669D /* ClandestinoUITests.swift */; };
		5B9D2A571D5E310D0096CA81 /* HomeViewController.swift in Sources */ = {isa = PBXBuildFile; fileRef = 5B9D2A561D5E310D0096CA81 /* HomeViewController.swift */; };
/* End PBXBuildFile section */

/* Begin PBXContainerItemProxy section */
		5B8224A41D5E2AB600AF669D /* PBXContainerItemProxy */ = {
			isa = PBXContainerItemProxy;
			containerPortal = 5B8224841D5E2AB600AF669D /* Project object */;
			proxyType = 1;
			remoteGlobalIDString = 5B82248B1D5E2AB600AF669D;
			remoteInfo = Clandestino;
		};
		5B8224AF1D5E2AB600AF669D /* PBXContainerItemProxy */ = {
			isa = PBXContainerItemProxy;
			containerPortal = 5B8224841D5E2AB600AF669D /* Project object */;
			proxyType = 1;
			remoteGlobalIDString = 5B82248B1D5E2AB600AF669D;
			remoteInfo = Clandestino;
		};
/* End PBXContainerItemProxy section */

/* Begin PBXFileReference section */
		166200C1A28BAEF96299C3C6 /* Pods_Clandestino.framework */ = {isa = PBXFileReference; explicitFileType = wrapper.framework; includeInIndex = 0; path = Pods_Clandestino.framework; sourceTree = BUILT_PRODUCTS_DIR; };
		450C60DE7887DA08790DC2C2 /* Pods-ClandestinoTests.release.xcconfig */ = {isa = PBXFileReference; includeInIndex = 1; lastKnownFileType = text.xcconfig; name = "Pods-ClandestinoTests.release.xcconfig"; path = "Pods/Target Support Files/Pods-ClandestinoTests/Pods-ClandestinoTests.release.xcconfig"; sourceTree = "<group>"; };
		481B9B9911EB2A50B31CA68B /* Pods-ClandestinoUITests.release.xcconfig */ = {isa = PBXFileReference; includeInIndex = 1; lastKnownFileType = text.xcconfig; name = "Pods-ClandestinoUITests.release.xcconfig"; path = "Pods/Target Support Files/Pods-ClandestinoUITests/Pods-ClandestinoUITests.release.xcconfig"; sourceTree = "<group>"; };
		4ECCD8AFF766BA729883A253 /* Pods-ClandestinoTests.debug.xcconfig */ = {isa = PBXFileReference; includeInIndex = 1; lastKnownFileType = text.xcconfig; name = "Pods-ClandestinoTests.debug.xcconfig"; path = "Pods/Target Support Files/Pods-ClandestinoTests/Pods-ClandestinoTests.debug.xcconfig"; sourceTree = "<group>"; };
		530885AB55B5091A26B242D4 /* Pods_ClandestinoTests.framework */ = {isa = PBXFileReference; explicitFileType = wrapper.framework; includeInIndex = 0; path = Pods_ClandestinoTests.framework; sourceTree = BUILT_PRODUCTS_DIR; };
		5B0467921D62CF8E0004AF5F /* Constants.swift */ = {isa = PBXFileReference; fileEncoding = 4; lastKnownFileType = sourcecode.swift; path = Constants.swift; sourceTree = "<group>"; };
		5B82248C1D5E2AB600AF669D /* Clandestino.app */ = {isa = PBXFileReference; explicitFileType = wrapper.application; includeInIndex = 0; path = Clandestino.app; sourceTree = BUILT_PRODUCTS_DIR; };
		5B82248F1D5E2AB600AF669D /* AppDelegate.swift */ = {isa = PBXFileReference; lastKnownFileType = sourcecode.swift; path = AppDelegate.swift; sourceTree = "<group>"; };
		5B8224941D5E2AB600AF669D /* Base */ = {isa = PBXFileReference; lastKnownFileType = file.storyboard; name = Base; path = Base.lproj/Main.storyboard; sourceTree = "<group>"; };
		5B8224971D5E2AB600AF669D /* Clandestino.xcdatamodel */ = {isa = PBXFileReference; lastKnownFileType = wrapper.xcdatamodel; path = Clandestino.xcdatamodel; sourceTree = "<group>"; };
		5B8224991D5E2AB600AF669D /* Assets.xcassets */ = {isa = PBXFileReference; lastKnownFileType = folder.assetcatalog; path = Assets.xcassets; sourceTree = "<group>"; };
		5B82249C1D5E2AB600AF669D /* Base */ = {isa = PBXFileReference; lastKnownFileType = file.storyboard; name = Base; path = Base.lproj/LaunchScreen.storyboard; sourceTree = "<group>"; };
		5B82249E1D5E2AB600AF669D /* Info.plist */ = {isa = PBXFileReference; lastKnownFileType = text.plist.xml; path = Info.plist; sourceTree = "<group>"; };
		5B8224A31D5E2AB600AF669D /* ClandestinoTests.xctest */ = {isa = PBXFileReference; explicitFileType = wrapper.cfbundle; includeInIndex = 0; path = ClandestinoTests.xctest; sourceTree = BUILT_PRODUCTS_DIR; };
		5B8224A71D5E2AB600AF669D /* ClandestinoTests.swift */ = {isa = PBXFileReference; lastKnownFileType = sourcecode.swift; path = ClandestinoTests.swift; sourceTree = "<group>"; };
		5B8224A91D5E2AB600AF669D /* Info.plist */ = {isa = PBXFileReference; lastKnownFileType = text.plist.xml; path = Info.plist; sourceTree = "<group>"; };
		5B8224AE1D5E2AB600AF669D /* ClandestinoUITests.xctest */ = {isa = PBXFileReference; explicitFileType = wrapper.cfbundle; includeInIndex = 0; path = ClandestinoUITests.xctest; sourceTree = BUILT_PRODUCTS_DIR; };
		5B8224B21D5E2AB600AF669D /* ClandestinoUITests.swift */ = {isa = PBXFileReference; lastKnownFileType = sourcecode.swift; path = ClandestinoUITests.swift; sourceTree = "<group>"; };
		5B8224B41D5E2AB600AF669D /* Info.plist */ = {isa = PBXFileReference; lastKnownFileType = text.plist.xml; path = Info.plist; sourceTree = "<group>"; };
		5B9D2A561D5E310D0096CA81 /* HomeViewController.swift */ = {isa = PBXFileReference; fileEncoding = 4; lastKnownFileType = sourcecode.swift; name = HomeViewController.swift; path = controllers/HomeViewController.swift; sourceTree = "<group>"; };
		A138D3CA35D220F777804405 /* Pods-Clandestino.release.xcconfig */ = {isa = PBXFileReference; includeInIndex = 1; lastKnownFileType = text.xcconfig; name = "Pods-Clandestino.release.xcconfig"; path = "Pods/Target Support Files/Pods-Clandestino/Pods-Clandestino.release.xcconfig"; sourceTree = "<group>"; };
		A8EBED4B43E9499F0C938785 /* Pods_ClandestinoUITests.framework */ = {isa = PBXFileReference; explicitFileType = wrapper.framework; includeInIndex = 0; path = Pods_ClandestinoUITests.framework; sourceTree = BUILT_PRODUCTS_DIR; };
		D858D97B3F17F9F861788592 /* Pods-Clandestino.debug.xcconfig */ = {isa = PBXFileReference; includeInIndex = 1; lastKnownFileType = text.xcconfig; name = "Pods-Clandestino.debug.xcconfig"; path = "Pods/Target Support Files/Pods-Clandestino/Pods-Clandestino.debug.xcconfig"; sourceTree = "<group>"; };
		FCFF9EA606EC2A474219A6F3 /* Pods-ClandestinoUITests.debug.xcconfig */ = {isa = PBXFileReference; includeInIndex = 1; lastKnownFileType = text.xcconfig; name = "Pods-ClandestinoUITests.debug.xcconfig"; path = "Pods/Target Support Files/Pods-ClandestinoUITests/Pods-ClandestinoUITests.debug.xcconfig"; sourceTree = "<group>"; };
/* End PBXFileReference section */

/* Begin PBXFrameworksBuildPhase section */
		5B8224891D5E2AB600AF669D /* Frameworks */ = {
			isa = PBXFrameworksBuildPhase;
			buildActionMask = 2147483647;
			files = (
				1171598FD9696B7951930646 /* Pods_Clandestino.framework in Frameworks */,
			);
			runOnlyForDeploymentPostprocessing = 0;
		};
		5B8224A01D5E2AB600AF669D /* Frameworks */ = {
			isa = PBXFrameworksBuildPhase;
			buildActionMask = 2147483647;
			files = (
				4B64FA3A3A8722E50CBC9688 /* Pods_ClandestinoTests.framework in Frameworks */,
			);
			runOnlyForDeploymentPostprocessing = 0;
		};
		5B8224AB1D5E2AB600AF669D /* Frameworks */ = {
			isa = PBXFrameworksBuildPhase;
			buildActionMask = 2147483647;
			files = (
				42DCC5C3E6E0654D309ACA85 /* Pods_ClandestinoUITests.framework in Frameworks */,
			);
			runOnlyForDeploymentPostprocessing = 0;
		};
/* End PBXFrameworksBuildPhase section */

/* Begin PBXGroup section */
		5B8224831D5E2AB600AF669D = {
			isa = PBXGroup;
			children = (
				5B82248E1D5E2AB600AF669D /* Clandestino */,
				5B8224A61D5E2AB600AF669D /* ClandestinoTests */,
				5B8224B11D5E2AB600AF669D /* ClandestinoUITests */,
				5B82248D1D5E2AB600AF669D /* Products */,
				C33F12CE1DBC2DDCA5AFF29A /* Pods */,
				A5C15379ED5C9349507C8A9C /* Frameworks */,
			);
			sourceTree = "<group>";
		};
		5B82248D1D5E2AB600AF669D /* Products */ = {
			isa = PBXGroup;
			children = (
				5B82248C1D5E2AB600AF669D /* Clandestino.app */,
				5B8224A31D5E2AB600AF669D /* ClandestinoTests.xctest */,
				5B8224AE1D5E2AB600AF669D /* ClandestinoUITests.xctest */,
			);
			name = Products;
			sourceTree = "<group>";
		};
		5B82248E1D5E2AB600AF669D /* Clandestino */ = {
			isa = PBXGroup;
			children = (
				5B82248F1D5E2AB600AF669D /* AppDelegate.swift */,
				5B8224931D5E2AB600AF669D /* Main.storyboard */,
				5B8224991D5E2AB600AF669D /* Assets.xcassets */,
				5B82249B1D5E2AB600AF669D /* LaunchScreen.storyboard */,
				5B82249E1D5E2AB600AF669D /* Info.plist */,
				5B8224961D5E2AB600AF669D /* Clandestino.xcdatamodeld */,
				5B9D2A561D5E310D0096CA81 /* HomeViewController.swift */,
				5B0467921D62CF8E0004AF5F /* Constants.swift */,
			);
			path = Clandestino;
			sourceTree = "<group>";
		};
		5B8224A61D5E2AB600AF669D /* ClandestinoTests */ = {
			isa = PBXGroup;
			children = (
				5B8224A71D5E2AB600AF669D /* ClandestinoTests.swift */,
				5B8224A91D5E2AB600AF669D /* Info.plist */,
			);
			path = ClandestinoTests;
			sourceTree = "<group>";
		};
		5B8224B11D5E2AB600AF669D /* ClandestinoUITests */ = {
			isa = PBXGroup;
			children = (
				5B8224B21D5E2AB600AF669D /* ClandestinoUITests.swift */,
				5B8224B41D5E2AB600AF669D /* Info.plist */,
			);
			path = ClandestinoUITests;
			sourceTree = "<group>";
		};
		A5C15379ED5C9349507C8A9C /* Frameworks */ = {
			isa = PBXGroup;
			children = (
				166200C1A28BAEF96299C3C6 /* Pods_Clandestino.framework */,
				530885AB55B5091A26B242D4 /* Pods_ClandestinoTests.framework */,
				A8EBED4B43E9499F0C938785 /* Pods_ClandestinoUITests.framework */,
			);
			name = Frameworks;
			sourceTree = "<group>";
		};
		C33F12CE1DBC2DDCA5AFF29A /* Pods */ = {
			isa = PBXGroup;
			children = (
				D858D97B3F17F9F861788592 /* Pods-Clandestino.debug.xcconfig */,
				A138D3CA35D220F777804405 /* Pods-Clandestino.release.xcconfig */,
				4ECCD8AFF766BA729883A253 /* Pods-ClandestinoTests.debug.xcconfig */,
				450C60DE7887DA08790DC2C2 /* Pods-ClandestinoTests.release.xcconfig */,
				FCFF9EA606EC2A474219A6F3 /* Pods-ClandestinoUITests.debug.xcconfig */,
				481B9B9911EB2A50B31CA68B /* Pods-ClandestinoUITests.release.xcconfig */,
			);
			name = Pods;
			sourceTree = "<group>";
		};
/* End PBXGroup section */

/* Begin PBXNativeTarget section */
		5B82248B1D5E2AB600AF669D /* Clandestino */ = {
			isa = PBXNativeTarget;
			buildConfigurationList = 5B8224B71D5E2AB600AF669D /* Build configuration list for PBXNativeTarget "Clandestino" */;
			buildPhases = (
				16DE7FDBEC4D0759A6005C8A /* [CP] Check Pods Manifest.lock */,
				5B8224881D5E2AB600AF669D /* Sources */,
				5B8224891D5E2AB600AF669D /* Frameworks */,
				5B82248A1D5E2AB600AF669D /* Resources */,
				B1FE93CB7FC295B1645F0E8A /* [CP] Embed Pods Frameworks */,
				30B79C1DAB495AE611B93C11 /* [CP] Copy Pods Resources */,
			);
			buildRules = (
			);
			dependencies = (
			);
			name = Clandestino;
			productName = Clandestino;
			productReference = 5B82248C1D5E2AB600AF669D /* Clandestino.app */;
			productType = "com.apple.product-type.application";
		};
		5B8224A21D5E2AB600AF669D /* ClandestinoTests */ = {
			isa = PBXNativeTarget;
			buildConfigurationList = 5B8224BA1D5E2AB600AF669D /* Build configuration list for PBXNativeTarget "ClandestinoTests" */;
			buildPhases = (
				666A31ADE491207E48D70164 /* [CP] Check Pods Manifest.lock */,
				5B82249F1D5E2AB600AF669D /* Sources */,
				5B8224A01D5E2AB600AF669D /* Frameworks */,
				5B8224A11D5E2AB600AF669D /* Resources */,
				39CF104C972E51EC2D97A00C /* [CP] Embed Pods Frameworks */,
				ACB8EA9FA6076FD60924A123 /* [CP] Copy Pods Resources */,
			);
			buildRules = (
			);
			dependencies = (
				5B8224A51D5E2AB600AF669D /* PBXTargetDependency */,
			);
			name = ClandestinoTests;
			productName = ClandestinoTests;
			productReference = 5B8224A31D5E2AB600AF669D /* ClandestinoTests.xctest */;
			productType = "com.apple.product-type.bundle.unit-test";
		};
		5B8224AD1D5E2AB600AF669D /* ClandestinoUITests */ = {
			isa = PBXNativeTarget;
			buildConfigurationList = 5B8224BD1D5E2AB600AF669D /* Build configuration list for PBXNativeTarget "ClandestinoUITests" */;
			buildPhases = (
				2C667ADD0ED2E4591C213C96 /* [CP] Check Pods Manifest.lock */,
				5B8224AA1D5E2AB600AF669D /* Sources */,
				5B8224AB1D5E2AB600AF669D /* Frameworks */,
				5B8224AC1D5E2AB600AF669D /* Resources */,
				9E61FAF3B749369359CB7041 /* [CP] Copy Pods Resources */,
			);
			buildRules = (
			);
			dependencies = (
				5B8224B01D5E2AB600AF669D /* PBXTargetDependency */,
			);
			name = ClandestinoUITests;
			productName = ClandestinoUITests;
			productReference = 5B8224AE1D5E2AB600AF669D /* ClandestinoUITests.xctest */;
			productType = "com.apple.product-type.bundle.ui-testing";
		};
/* End PBXNativeTarget section */

/* Begin PBXProject section */
		5B8224841D5E2AB600AF669D /* Project object */ = {
			isa = PBXProject;
			attributes = {
				LastSwiftUpdateCheck = 0730;
				LastUpgradeCheck = 0730;
				ORGANIZATIONNAME = "Roonin Labs S de RL de CV";
				TargetAttributes = {
					5B82248B1D5E2AB600AF669D = {
						CreatedOnToolsVersion = 7.3.1;
					};
					5B8224A21D5E2AB600AF669D = {
						CreatedOnToolsVersion = 7.3.1;
						TestTargetID = 5B82248B1D5E2AB600AF669D;
					};
					5B8224AD1D5E2AB600AF669D = {
						CreatedOnToolsVersion = 7.3.1;
						TestTargetID = 5B82248B1D5E2AB600AF669D;
					};
				};
			};
			buildConfigurationList = 5B8224871D5E2AB600AF669D /* Build configuration list for PBXProject "Clandestino" */;
			compatibilityVersion = "Xcode 3.2";
			developmentRegion = English;
			hasScannedForEncodings = 0;
			knownRegions = (
				en,
				Base,
			);
			mainGroup = 5B8224831D5E2AB600AF669D;
			productRefGroup = 5B82248D1D5E2AB600AF669D /* Products */;
			projectDirPath = "";
			projectRoot = "";
			targets = (
				5B82248B1D5E2AB600AF669D /* Clandestino */,
				5B8224A21D5E2AB600AF669D /* ClandestinoTests */,
				5B8224AD1D5E2AB600AF669D /* ClandestinoUITests */,
			);
		};
/* End PBXProject section */

/* Begin PBXResourcesBuildPhase section */
		5B82248A1D5E2AB600AF669D /* Resources */ = {
			isa = PBXResourcesBuildPhase;
			buildActionMask = 2147483647;
			files = (
				5B82249D1D5E2AB600AF669D /* LaunchScreen.storyboard in Resources */,
				5B82249A1D5E2AB600AF669D /* Assets.xcassets in Resources */,
				5B8224951D5E2AB600AF669D /* Main.storyboard in Resources */,
			);
			runOnlyForDeploymentPostprocessing = 0;
		};
		5B8224A11D5E2AB600AF669D /* Resources */ = {
			isa = PBXResourcesBuildPhase;
			buildActionMask = 2147483647;
			files = (
			);
			runOnlyForDeploymentPostprocessing = 0;
		};
		5B8224AC1D5E2AB600AF669D /* Resources */ = {
			isa = PBXResourcesBuildPhase;
			buildActionMask = 2147483647;
			files = (
			);
			runOnlyForDeploymentPostprocessing = 0;
		};
/* End PBXResourcesBuildPhase section */

/* Begin PBXShellScriptBuildPhase section */
		16DE7FDBEC4D0759A6005C8A /* [CP] Check Pods Manifest.lock */ = {
			isa = PBXShellScriptBuildPhase;
			buildActionMask = 2147483647;
			files = (
			);
			inputPaths = (
			);
			name = "[CP] Check Pods Manifest.lock";
			outputPaths = (
			);
			runOnlyForDeploymentPostprocessing = 0;
			shellPath = /bin/sh;
			shellScript = "diff \"${PODS_ROOT}/../Podfile.lock\" \"${PODS_ROOT}/Manifest.lock\" > /dev/null\nif [[ $? != 0 ]] ; then\n    cat << EOM\nerror: The sandbox is not in sync with the Podfile.lock. Run 'pod install' or update your CocoaPods installation.\nEOM\n    exit 1\nfi\n";
			showEnvVarsInLog = 0;
		};
		2C667ADD0ED2E4591C213C96 /* [CP] Check Pods Manifest.lock */ = {
			isa = PBXShellScriptBuildPhase;
			buildActionMask = 2147483647;
			files = (
			);
			inputPaths = (
			);
			name = "[CP] Check Pods Manifest.lock";
			outputPaths = (
			);
			runOnlyForDeploymentPostprocessing = 0;
			shellPath = /bin/sh;
			shellScript = "diff \"${PODS_ROOT}/../Podfile.lock\" \"${PODS_ROOT}/Manifest.lock\" > /dev/null\nif [[ $? != 0 ]] ; then\n    cat << EOM\nerror: The sandbox is not in sync with the Podfile.lock. Run 'pod install' or update your CocoaPods installation.\nEOM\n    exit 1\nfi\n";
			showEnvVarsInLog = 0;
		};
		30B79C1DAB495AE611B93C11 /* [CP] Copy Pods Resources */ = {
			isa = PBXShellScriptBuildPhase;
			buildActionMask = 2147483647;
			files = (
			);
			inputPaths = (
			);
			name = "[CP] Copy Pods Resources";
			outputPaths = (
			);
			runOnlyForDeploymentPostprocessing = 0;
			shellPath = /bin/sh;
			shellScript = "\"${SRCROOT}/Pods/Target Support Files/Pods-Clandestino/Pods-Clandestino-resources.sh\"\n";
			showEnvVarsInLog = 0;
		};
		39CF104C972E51EC2D97A00C /* [CP] Embed Pods Frameworks */ = {
			isa = PBXShellScriptBuildPhase;
			buildActionMask = 2147483647;
			files = (
			);
			inputPaths = (
			);
			name = "[CP] Embed Pods Frameworks";
			outputPaths = (
			);
			runOnlyForDeploymentPostprocessing = 0;
			shellPath = /bin/sh;
			shellScript = "\"${SRCROOT}/Pods/Target Support Files/Pods-ClandestinoTests/Pods-ClandestinoTests-frameworks.sh\"\n";
			showEnvVarsInLog = 0;
		};
		666A31ADE491207E48D70164 /* [CP] Check Pods Manifest.lock */ = {
			isa = PBXShellScriptBuildPhase;
			buildActionMask = 2147483647;
			files = (
			);
			inputPaths = (
			);
			name = "[CP] Check Pods Manifest.lock";
			outputPaths = (
			);
			runOnlyForDeploymentPostprocessing = 0;
			shellPath = /bin/sh;
			shellScript = "diff \"${PODS_ROOT}/../Podfile.lock\" \"${PODS_ROOT}/Manifest.lock\" > /dev/null\nif [[ $? != 0 ]] ; then\n    cat << EOM\nerror: The sandbox is not in sync with the Podfile.lock. Run 'pod install' or update your CocoaPods installation.\nEOM\n    exit 1\nfi\n";
			showEnvVarsInLog = 0;
		};
		9E61FAF3B749369359CB7041 /* [CP] Copy Pods Resources */ = {
			isa = PBXShellScriptBuildPhase;
			buildActionMask = 2147483647;
			files = (
			);
			inputPaths = (
			);
			name = "[CP] Copy Pods Resources";
			outputPaths = (
			);
			runOnlyForDeploymentPostprocessing = 0;
			shellPath = /bin/sh;
			shellScript = "\"${SRCROOT}/Pods/Target Support Files/Pods-ClandestinoUITests/Pods-ClandestinoUITests-resources.sh\"\n";
			showEnvVarsInLog = 0;
		};
		ACB8EA9FA6076FD60924A123 /* [CP] Copy Pods Resources */ = {
			isa = PBXShellScriptBuildPhase;
			buildActionMask = 2147483647;
			files = (
			);
			inputPaths = (
			);
			name = "[CP] Copy Pods Resources";
			outputPaths = (
			);
			runOnlyForDeploymentPostprocessing = 0;
			shellPath = /bin/sh;
			shellScript = "\"${SRCROOT}/Pods/Target Support Files/Pods-ClandestinoTests/Pods-ClandestinoTests-resources.sh\"\n";
			showEnvVarsInLog = 0;
		};
		B1FE93CB7FC295B1645F0E8A /* [CP] Embed Pods Frameworks */ = {
			isa = PBXShellScriptBuildPhase;
			buildActionMask = 2147483647;
			files = (
			);
			inputPaths = (
			);
			name = "[CP] Embed Pods Frameworks";
			outputPaths = (
			);
			runOnlyForDeploymentPostprocessing = 0;
			shellPath = /bin/sh;
			shellScript = "\"${SRCROOT}/Pods/Target Support Files/Pods-Clandestino/Pods-Clandestino-frameworks.sh\"\n";
			showEnvVarsInLog = 0;
		};
/* End PBXShellScriptBuildPhase section */

/* Begin PBXSourcesBuildPhase section */
		5B8224881D5E2AB600AF669D /* Sources */ = {
			isa = PBXSourcesBuildPhase;
			buildActionMask = 2147483647;
			files = (
				5B8224901D5E2AB600AF669D /* AppDelegate.swift in Sources */,
				5B8224981D5E2AB600AF669D /* Clandestino.xcdatamodeld in Sources */,
				5B9D2A571D5E310D0096CA81 /* HomeViewController.swift in Sources */,
				5B0467931D62CF8E0004AF5F /* Constants.swift in Sources */,
			);
			runOnlyForDeploymentPostprocessing = 0;
		};
		5B82249F1D5E2AB600AF669D /* Sources */ = {
			isa = PBXSourcesBuildPhase;
			buildActionMask = 2147483647;
			files = (
				5B8224A81D5E2AB600AF669D /* ClandestinoTests.swift in Sources */,
			);
			runOnlyForDeploymentPostprocessing = 0;
		};
		5B8224AA1D5E2AB600AF669D /* Sources */ = {
			isa = PBXSourcesBuildPhase;
			buildActionMask = 2147483647;
			files = (
				5B8224B31D5E2AB600AF669D /* ClandestinoUITests.swift in Sources */,
			);
			runOnlyForDeploymentPostprocessing = 0;
		};
/* End PBXSourcesBuildPhase section */

/* Begin PBXTargetDependency section */
		5B8224A51D5E2AB600AF669D /* PBXTargetDependency */ = {
			isa = PBXTargetDependency;
			target = 5B82248B1D5E2AB600AF669D /* Clandestino */;
			targetProxy = 5B8224A41D5E2AB600AF669D /* PBXContainerItemProxy */;
		};
		5B8224B01D5E2AB600AF669D /* PBXTargetDependency */ = {
			isa = PBXTargetDependency;
			target = 5B82248B1D5E2AB600AF669D /* Clandestino */;
			targetProxy = 5B8224AF1D5E2AB600AF669D /* PBXContainerItemProxy */;
		};
/* End PBXTargetDependency section */

/* Begin PBXVariantGroup section */
		5B8224931D5E2AB600AF669D /* Main.storyboard */ = {
			isa = PBXVariantGroup;
			children = (
				5B8224941D5E2AB600AF669D /* Base */,
			);
			name = Main.storyboard;
			sourceTree = "<group>";
		};
		5B82249B1D5E2AB600AF669D /* LaunchScreen.storyboard */ = {
			isa = PBXVariantGroup;
			children = (
				5B82249C1D5E2AB600AF669D /* Base */,
			);
			name = LaunchScreen.storyboard;
			sourceTree = "<group>";
		};
/* End PBXVariantGroup section */

/* Begin XCBuildConfiguration section */
		5B8224B51D5E2AB600AF669D /* Debug */ = {
			isa = XCBuildConfiguration;
			buildSettings = {
				ALWAYS_SEARCH_USER_PATHS = NO;
				CLANG_ANALYZER_NONNULL = YES;
				CLANG_CXX_LANGUAGE_STANDARD = "gnu++0x";
				CLANG_CXX_LIBRARY = "libc++";
				CLANG_ENABLE_MODULES = YES;
				CLANG_ENABLE_OBJC_ARC = YES;
				CLANG_WARN_BOOL_CONVERSION = YES;
				CLANG_WARN_CONSTANT_CONVERSION = YES;
				CLANG_WARN_DIRECT_OBJC_ISA_USAGE = YES_ERROR;
				CLANG_WARN_EMPTY_BODY = YES;
				CLANG_WARN_ENUM_CONVERSION = YES;
				CLANG_WARN_INT_CONVERSION = YES;
				CLANG_WARN_OBJC_ROOT_CLASS = YES_ERROR;
				CLANG_WARN_UNREACHABLE_CODE = YES;
				CLANG_WARN__DUPLICATE_METHOD_MATCH = YES;
				"CODE_SIGN_IDENTITY[sdk=iphoneos*]" = "iPhone Developer";
				COPY_PHASE_STRIP = NO;
				DEBUG_INFORMATION_FORMAT = dwarf;
				ENABLE_STRICT_OBJC_MSGSEND = YES;
				ENABLE_TESTABILITY = YES;
				GCC_C_LANGUAGE_STANDARD = gnu99;
				GCC_DYNAMIC_NO_PIC = NO;
				GCC_NO_COMMON_BLOCKS = YES;
				GCC_OPTIMIZATION_LEVEL = 0;
				GCC_PREPROCESSOR_DEFINITIONS = (
					"DEBUG=1",
					"$(inherited)",
				);
				GCC_WARN_64_TO_32_BIT_CONVERSION = YES;
				GCC_WARN_ABOUT_RETURN_TYPE = YES_ERROR;
				GCC_WARN_UNDECLARED_SELECTOR = YES;
				GCC_WARN_UNINITIALIZED_AUTOS = YES_AGGRESSIVE;
				GCC_WARN_UNUSED_FUNCTION = YES;
				GCC_WARN_UNUSED_VARIABLE = YES;
				IPHONEOS_DEPLOYMENT_TARGET = 9.3;
				MTL_ENABLE_DEBUG_INFO = YES;
				ONLY_ACTIVE_ARCH = YES;
				SDKROOT = iphoneos;
				SWIFT_OPTIMIZATION_LEVEL = "-Onone";
			};
			name = Debug;
		};
		5B8224B61D5E2AB600AF669D /* Release */ = {
			isa = XCBuildConfiguration;
			buildSettings = {
				ALWAYS_SEARCH_USER_PATHS = NO;
				CLANG_ANALYZER_NONNULL = YES;
				CLANG_CXX_LANGUAGE_STANDARD = "gnu++0x";
				CLANG_CXX_LIBRARY = "libc++";
				CLANG_ENABLE_MODULES = YES;
				CLANG_ENABLE_OBJC_ARC = YES;
				CLANG_WARN_BOOL_CONVERSION = YES;
				CLANG_WARN_CONSTANT_CONVERSION = YES;
				CLANG_WARN_DIRECT_OBJC_ISA_USAGE = YES_ERROR;
				CLANG_WARN_EMPTY_BODY = YES;
				CLANG_WARN_ENUM_CONVERSION = YES;
				CLANG_WARN_INT_CONVERSION = YES;
				CLANG_WARN_OBJC_ROOT_CLASS = YES_ERROR;
				CLANG_WARN_UNREACHABLE_CODE = YES;
				CLANG_WARN__DUPLICATE_METHOD_MATCH = YES;
				"CODE_SIGN_IDENTITY[sdk=iphoneos*]" = "iPhone Developer";
				COPY_PHASE_STRIP = NO;
				DEBUG_INFORMATION_FORMAT = "dwarf-with-dsym";
				ENABLE_NS_ASSERTIONS = NO;
				ENABLE_STRICT_OBJC_MSGSEND = YES;
				GCC_C_LANGUAGE_STANDARD = gnu99;
				GCC_NO_COMMON_BLOCKS = YES;
				GCC_WARN_64_TO_32_BIT_CONVERSION = YES;
				GCC_WARN_ABOUT_RETURN_TYPE = YES_ERROR;
				GCC_WARN_UNDECLARED_SELECTOR = YES;
				GCC_WARN_UNINITIALIZED_AUTOS = YES_AGGRESSIVE;
				GCC_WARN_UNUSED_FUNCTION = YES;
				GCC_WARN_UNUSED_VARIABLE = YES;
				IPHONEOS_DEPLOYMENT_TARGET = 9.3;
				MTL_ENABLE_DEBUG_INFO = NO;
				SDKROOT = iphoneos;
				VALIDATE_PRODUCT = YES;
			};
			name = Release;
		};
		5B8224B81D5E2AB600AF669D /* Debug */ = {
			isa = XCBuildConfiguration;
			baseConfigurationReference = D858D97B3F17F9F861788592 /* Pods-Clandestino.debug.xcconfig */;
			buildSettings = {
				ASSETCATALOG_COMPILER_APPICON_NAME = AppIcon;
				INFOPLIST_FILE = Clandestino/Info.plist;
				IPHONEOS_DEPLOYMENT_TARGET = 9.0;
				LD_RUNPATH_SEARCH_PATHS = "$(inherited) @executable_path/Frameworks";
				PRODUCT_BUNDLE_IDENTIFIER = com.roonin.Clandestino;
				PRODUCT_NAME = "$(TARGET_NAME)";
			};
			name = Debug;
		};
		5B8224B91D5E2AB600AF669D /* Release */ = {
			isa = XCBuildConfiguration;
			baseConfigurationReference = A138D3CA35D220F777804405 /* Pods-Clandestino.release.xcconfig */;
			buildSettings = {
				ASSETCATALOG_COMPILER_APPICON_NAME = AppIcon;
				INFOPLIST_FILE = Clandestino/Info.plist;
				IPHONEOS_DEPLOYMENT_TARGET = 9.0;
				LD_RUNPATH_SEARCH_PATHS = "$(inherited) @executable_path/Frameworks";
				PRODUCT_BUNDLE_IDENTIFIER = com.roonin.Clandestino;
				PRODUCT_NAME = "$(TARGET_NAME)";
			};
			name = Release;
		};
		5B8224BB1D5E2AB600AF669D /* Debug */ = {
			isa = XCBuildConfiguration;
			baseConfigurationReference = 4ECCD8AFF766BA729883A253 /* Pods-ClandestinoTests.debug.xcconfig */;
			buildSettings = {
				BUNDLE_LOADER = "$(TEST_HOST)";
				INFOPLIST_FILE = ClandestinoTests/Info.plist;
				LD_RUNPATH_SEARCH_PATHS = "$(inherited) @executable_path/Frameworks @loader_path/Frameworks";
				PRODUCT_BUNDLE_IDENTIFIER = com.roonin.ClandestinoTests;
				PRODUCT_NAME = "$(TARGET_NAME)";
				TEST_HOST = "$(BUILT_PRODUCTS_DIR)/Clandestino.app/Clandestino";
			};
			name = Debug;
		};
		5B8224BC1D5E2AB600AF669D /* Release */ = {
			isa = XCBuildConfiguration;
			baseConfigurationReference = 450C60DE7887DA08790DC2C2 /* Pods-ClandestinoTests.release.xcconfig */;
			buildSettings = {
				BUNDLE_LOADER = "$(TEST_HOST)";
				INFOPLIST_FILE = ClandestinoTests/Info.plist;
				LD_RUNPATH_SEARCH_PATHS = "$(inherited) @executable_path/Frameworks @loader_path/Frameworks";
				PRODUCT_BUNDLE_IDENTIFIER = com.roonin.ClandestinoTests;
				PRODUCT_NAME = "$(TARGET_NAME)";
				TEST_HOST = "$(BUILT_PRODUCTS_DIR)/Clandestino.app/Clandestino";
			};
			name = Release;
		};
		5B8224BE1D5E2AB600AF669D /* Debug */ = {
			isa = XCBuildConfiguration;
			baseConfigurationReference = FCFF9EA606EC2A474219A6F3 /* Pods-ClandestinoUITests.debug.xcconfig */;
			buildSettings = {
				INFOPLIST_FILE = ClandestinoUITests/Info.plist;
				LD_RUNPATH_SEARCH_PATHS = "$(inherited) @executable_path/Frameworks @loader_path/Frameworks";
				PRODUCT_BUNDLE_IDENTIFIER = com.roonin.ClandestinoUITests;
				PRODUCT_NAME = "$(TARGET_NAME)";
				TEST_TARGET_NAME = Clandestino;
			};
			name = Debug;
		};
		5B8224BF1D5E2AB600AF669D /* Release */ = {
			isa = XCBuildConfiguration;
			baseConfigurationReference = 481B9B9911EB2A50B31CA68B /* Pods-ClandestinoUITests.release.xcconfig */;
			buildSettings = {
				INFOPLIST_FILE = ClandestinoUITests/Info.plist;
				LD_RUNPATH_SEARCH_PATHS = "$(inherited) @executable_path/Frameworks @loader_path/Frameworks";
				PRODUCT_BUNDLE_IDENTIFIER = com.roonin.ClandestinoUITests;
				PRODUCT_NAME = "$(TARGET_NAME)";
				TEST_TARGET_NAME = Clandestino;
			};
			name = Release;
		};
/* End XCBuildConfiguration section */

/* Begin XCConfigurationList section */
		5B8224871D5E2AB600AF669D /* Build configuration list for PBXProject "Clandestino" */ = {
			isa = XCConfigurationList;
			buildConfigurations = (
				5B8224B51D5E2AB600AF669D /* Debug */,
				5B8224B61D5E2AB600AF669D /* Release */,
			);
			defaultConfigurationIsVisible = 0;
			defaultConfigurationName = Release;
		};
		5B8224B71D5E2AB600AF669D /* Build configuration list for PBXNativeTarget "Clandestino" */ = {
			isa = XCConfigurationList;
			buildConfigurations = (
				5B8224B81D5E2AB600AF669D /* Debug */,
				5B8224B91D5E2AB600AF669D /* Release */,
			);
			defaultConfigurationIsVisible = 0;
			defaultConfigurationName = Release;
		};
		5B8224BA1D5E2AB600AF669D /* Build configuration list for PBXNativeTarget "ClandestinoTests" */ = {
			isa = XCConfigurationList;
			buildConfigurations = (
				5B8224BB1D5E2AB600AF669D /* Debug */,
				5B8224BC1D5E2AB600AF669D /* Release */,
			);
			defaultConfigurationIsVisible = 0;
			defaultConfigurationName = Release;
		};
		5B8224BD1D5E2AB600AF669D /* Build configuration list for PBXNativeTarget "ClandestinoUITests" */ = {
			isa = XCConfigurationList;
			buildConfigurations = (
				5B8224BE1D5E2AB600AF669D /* Debug */,
				5B8224BF1D5E2AB600AF669D /* Release */,
			);
			defaultConfigurationIsVisible = 0;
			defaultConfigurationName = Release;
		};
/* End XCConfigurationList section */

/* Begin XCVersionGroup section */
		5B8224961D5E2AB600AF669D /* Clandestino.xcdatamodeld */ = {
			isa = XCVersionGroup;
			children = (
				5B8224971D5E2AB600AF669D /* Clandestino.xcdatamodel */,
			);
			currentVersion = 5B8224971D5E2AB600AF669D /* Clandestino.xcdatamodel */;
			path = Clandestino.xcdatamodeld;
			sourceTree = "<group>";
			versionGroupType = wrapper.xcdatamodel;
		};
/* End XCVersionGroup section */
	};
	rootObject = 5B8224841D5E2AB600AF669D /* Project object */;
}
